
Microsoft Visual Studio Solution File, Format Version 12.00
# Visual Studio 2013
VisualStudioVersion = 12.0.21005.1
MinimumVisualStudioVersion = 10.0.40219.1
Project("{FAE04EC0-301F-11D3-BF4B-00C04F79EFBC}") = "Triangle", "Triangle\Triangle.csproj", "{47D118DB-0042-45DB-9489-0E6BADA4093A}"
EndProject
Project("{FAE04EC0-301F-11D3-BF4B-00C04F79EFBC}") = "Triangle.Tests", "Triangle.Tests\Triangle.Tests.csproj", "{21396003-4BE3-4D56-9019-83C4CAEA12C0}"
EndProject
Global
	GlobalSection(SolutionConfigurationPlatforms) = preSolution
		Debug|Any CPU = Debug|Any CPU
		Release|Any CPU = Release|Any CPU
	EndGlobalSection
	GlobalSection(ProjectConfigurationPlatforms) = postSolution
		{47D118DB-0042-45DB-9489-0E6BADA4093A}.Debug|Any CPU.ActiveCfg = Debug|Any CPU
		{47D118DB-0042-45DB-9489-0E6BADA4093A}.Debug|Any CPU.Build.0 = Debug|Any CPU
		{47D118DB-0042-45DB-9489-0E6BADA4093A}.Release|Any CPU.ActiveCfg = Release|Any CPU
		{47D118DB-0042-45DB-9489-0E6BADA4093A}.Release|Any CPU.Build.0 = Release|Any CPU
		{21396003-4BE3-4D56-9019-83C4CAEA12C0}.Debug|Any CPU.ActiveCfg = Debug|Any CPU
		{21396003-4BE3-4D56-9019-83C4CAEA12C0}.Debug|Any CPU.Build.0 = Debug|Any CPU
		{21396003-4BE3-4D56-9019-83C4CAEA12C0}.Release|Any CPU.ActiveCfg = Release|Any CPU
		{21396003-4BE3-4D56-9019-83C4CAEA12C0}.Release|Any CPU.Build.0 = Release|Any CPU
	EndGlobalSection
	GlobalSection(SolutionProperties) = preSolution
		HideSolutionNode = FALSE
	EndGlobalSection
EndGlobal
